
Microsoft Visual Studio Solution File, Format Version 12.00
# Visual Studio Version 17
VisualStudioVersion = 17.4.33213.308
MinimumVisualStudioVersion = 10.0.40219.1
Project("{FAE04EC0-301F-11D3-BF4B-00C04F79EFBC}") = "Day24UserRegistration", "Day24UserRegistration\Day24UserRegistration.csproj", "{99C877F0-E4DE-4FEB-8CA8-AFB6FA6D4ADA}"
EndProject
Global
	GlobalSection(SolutionConfigurationPlatforms) = preSolution
		Debug|Any CPU = Debug|Any CPU
		Release|Any CPU = Release|Any CPU
	EndGlobalSection
	GlobalSection(ProjectConfigurationPlatforms) = postSolution
		{99C877F0-E4DE-4FEB-8CA8-AFB6FA6D4ADA}.Debug|Any CPU.ActiveCfg = Debug|Any CPU
		{99C877F0-E4DE-4FEB-8CA8-AFB6FA6D4ADA}.Debug|Any CPU.Build.0 = Debug|Any CPU
		{99C877F0-E4DE-4FEB-8CA8-AFB6FA6D4ADA}.Release|Any CPU.ActiveCfg = Release|Any CPU
		{99C877F0-E4DE-4FEB-8CA8-AFB6FA6D4ADA}.Release|Any CPU.Build.0 = Release|Any CPU
	EndGlobalSection
	GlobalSection(SolutionProperties) = preSolution
		HideSolutionNode = FALSE
	EndGlobalSection
	GlobalSection(ExtensibilityGlobals) = postSolution
		SolutionGuid = {5B6EB613-75A4-4424-B40D-AF0528A89DB6}
	EndGlobalSection
EndGlobal
